{
  "pins" : [
    {
      "identity" : "keyboardkit",
      "kind" : "remoteSourceControl",
      "location" : "https://github.com/KeyboardKit/KeyboardKit.git",
      "state" : {
        "revision" : "80bfa8e7d2c173dfb0056b227d128ff81d2dd2d3",
        "version" : "6.5.2"
      }
    },
    {
      "identity" : "keyboardkitpro",
      "kind" : "remoteSourceControl",
      "location" : "https://github.com/KeyboardKit/KeyboardKitPro.git",
      "state" : {
        "revision" : "e6dad1e50c3c0fda66ac8c6eecabeabb66169d1b",
        "version" : "6.5.2"
      }
    }
  ],
  "version" : 2
}
