{
  "pins" : [
    {
      "identity" : "keyboardkit",
      "kind" : "remoteSourceControl",
      "location" : "https://github.com/KeyboardKit/KeyboardKit.git",
      "state" : {
        "revision" : "696bbac62463b5f52ff7c91113096c192db08179",
        "version" : "10.9.1"
      }
    },
    {
      "identity" : "licensekit",
      "kind" : "remoteSourceControl",
      "location" : "https://github.com/LicenseKit/LicenseKit.git",
      "state" : {
        "revision" : "f9bdcdc3472918c6da7566940a12936374f0faee",
        "version" : "2.1.3"
      }
    }
  ],
  "version" : 2
}
